// !$*UTF8*$!
{
	archiveVersion = 1;
	classes = {
	};
	objectVersion = 60;
	objects = {

/* Begin PBXBuildFile section */
		1A63B0732C36F55E005AB354 /* RealityKitContent in Frameworks */ = {isa = PBXBuildFile; productRef = 1A63B0722C36F55E005AB354 /* RealityKitContent */; };
		1A63B0752C36F55E005AB354 /* VisionOS2SampleWindowPlacementApp.swift in Sources */ = {isa = PBXBuildFile; fileRef = 1A63B0742C36F55E005AB354 /* VisionOS2SampleWindowPlacementApp.swift */; };
		1A63B0792C36F55F005AB354 /* Assets.xcassets in Resources */ = {isa = PBXBuildFile; fileRef = 1A63B0782C36F55F005AB354 /* Assets.xcassets */; };
		1A63B07C2C36F55F005AB354 /* Preview Assets.xcassets in Resources */ = {isa = PBXBuildFile; fileRef = 1A63B07B2C36F55F005AB354 /* Preview Assets.xcassets */; };
		1A63B0872C36F55F005AB354 /* VisionOS2SampleWindowPlacementTests.swift in Sources */ = {isa = PBXBuildFile; fileRef = 1A63B0862C36F55F005AB354 /* VisionOS2SampleWindowPlacementTests.swift */; };
		1A63B0912C36F6F8005AB354 /* pancakes.usdz in Resources */ = {isa = PBXBuildFile; fileRef = 1A63B0902C36F6F8005AB354 /* pancakes.usdz */; };
		1A63B0952C36F75B005AB354 /* PancakeWindowView.swift in Sources */ = {isa = PBXBuildFile; fileRef = 1A63B0942C36F75B005AB354 /* PancakeWindowView.swift */; };
		1A63B0972C36FA11005AB354 /* ControlView.swift in Sources */ = {isa = PBXBuildFile; fileRef = 1A63B0962C36FA11005AB354 /* ControlView.swift */; };
/* End PBXBuildFile section */

/* Begin PBXContainerItemProxy section */
		1A63B0832C36F55F005AB354 /* PBXContainerItemProxy */ = {
			isa = PBXContainerItemProxy;
			containerPortal = 1A63B0652C36F55E005AB354 /* Project object */;
			proxyType = 1;
			remoteGlobalIDString = 1A63B06C2C36F55E005AB354;
			remoteInfo = VisionOS2SampleWindowPlacement;
		};
/* End PBXContainerItemProxy section */

/* Begin PBXFileReference section */
		1A63B06D2C36F55E005AB354 /* VisionOS2SampleWindowPlacement.app */ = {isa = PBXFileReference; explicitFileType = wrapper.application; includeInIndex = 0; path = VisionOS2SampleWindowPlacement.app; sourceTree = BUILT_PRODUCTS_DIR; };
		1A63B0712C36F55E005AB354 /* RealityKitContent */ = {isa = PBXFileReference; lastKnownFileType = wrapper; path = RealityKitContent; sourceTree = "<group>"; };
		1A63B0742C36F55E005AB354 /* VisionOS2SampleWindowPlacementApp.swift */ = {isa = PBXFileReference; lastKnownFileType = sourcecode.swift; path = VisionOS2SampleWindowPlacementApp.swift; sourceTree = "<group>"; };
		1A63B0782C36F55F005AB354 /* Assets.xcassets */ = {isa = PBXFileReference; lastKnownFileType = folder.assetcatalog; path = Assets.xcassets; sourceTree = "<group>"; };
		1A63B07B2C36F55F005AB354 /* Preview Assets.xcassets */ = {isa = PBXFileReference; lastKnownFileType = folder.assetcatalog; path = "Preview Assets.xcassets"; sourceTree = "<group>"; };
		1A63B07D2C36F55F005AB354 /* Info.plist */ = {isa = PBXFileReference; lastKnownFileType = text.plist.xml; path = Info.plist; sourceTree = "<group>"; };
		1A63B0822C36F55F005AB354 /* VisionOS2SampleWindowPlacementTests.xctest */ = {isa = PBXFileReference; explicitFileType = wrapper.cfbundle; includeInIndex = 0; path = VisionOS2SampleWindowPlacementTests.xctest; sourceTree = BUILT_PRODUCTS_DIR; };
		1A63B0862C36F55F005AB354 /* VisionOS2SampleWindowPlacementTests.swift */ = {isa = PBXFileReference; lastKnownFileType = sourcecode.swift; path = VisionOS2SampleWindowPlacementTests.swift; sourceTree = "<group>"; };
		1A63B0902C36F6F8005AB354 /* pancakes.usdz */ = {isa = PBXFileReference; lastKnownFileType = file; path = pancakes.usdz; sourceTree = "<group>"; };
		1A63B0942C36F75B005AB354 /* PancakeWindowView.swift */ = {isa = PBXFileReference; lastKnownFileType = sourcecode.swift; path = PancakeWindowView.swift; sourceTree = "<group>"; };
		1A63B0962C36FA11005AB354 /* ControlView.swift */ = {isa = PBXFileReference; lastKnownFileType = sourcecode.swift; path = ControlView.swift; sourceTree = "<group>"; };
/* End PBXFileReference section */

/* Begin PBXFrameworksBuildPhase section */
		1A63B06A2C36F55E005AB354 /* Frameworks */ = {
			isa = PBXFrameworksBuildPhase;
			buildActionMask = 2147483647;
			files = (
				1A63B0732C36F55E005AB354 /* RealityKitContent in Frameworks */,
			);
			runOnlyForDeploymentPostprocessing = 0;
		};
		1A63B07F2C36F55F005AB354 /* Frameworks */ = {
			isa = PBXFrameworksBuildPhase;
			buildActionMask = 2147483647;
			files = (
			);
			runOnlyForDeploymentPostprocessing = 0;
		};
/* End PBXFrameworksBuildPhase section */

/* Begin PBXGroup section */
		1A63B0642C36F55E005AB354 = {
			isa = PBXGroup;
			children = (
				1A63B06F2C36F55E005AB354 /* VisionOS2SampleWindowPlacement */,
				1A63B0702C36F55E005AB354 /* Packages */,
				1A63B0852C36F55F005AB354 /* VisionOS2SampleWindowPlacementTests */,
				1A63B06E2C36F55E005AB354 /* Products */,
			);
			sourceTree = "<group>";
		};
		1A63B06E2C36F55E005AB354 /* Products */ = {
			isa = PBXGroup;
			children = (
				1A63B06D2C36F55E005AB354 /* VisionOS2SampleWindowPlacement.app */,
				1A63B0822C36F55F005AB354 /* VisionOS2SampleWindowPlacementTests.xctest */,
			);
			name = Products;
			sourceTree = "<group>";
		};
		1A63B06F2C36F55E005AB354 /* VisionOS2SampleWindowPlacement */ = {
			isa = PBXGroup;
			children = (
				1A63B0902C36F6F8005AB354 /* pancakes.usdz */,
				1A63B0742C36F55E005AB354 /* VisionOS2SampleWindowPlacementApp.swift */,
				1A63B0942C36F75B005AB354 /* PancakeWindowView.swift */,
				1A63B0962C36FA11005AB354 /* ControlView.swift */,
				1A63B0782C36F55F005AB354 /* Assets.xcassets */,
				1A63B07D2C36F55F005AB354 /* Info.plist */,
				1A63B07A2C36F55F005AB354 /* Preview Content */,
			);
			path = VisionOS2SampleWindowPlacement;
			sourceTree = "<group>";
		};
		1A63B0702C36F55E005AB354 /* Packages */ = {
			isa = PBXGroup;
			children = (
				1A63B0712C36F55E005AB354 /* RealityKitContent */,
			);
			path = Packages;
			sourceTree = "<group>";
		};
		1A63B07A2C36F55F005AB354 /* Preview Content */ = {
			isa = PBXGroup;
			children = (
				1A63B07B2C36F55F005AB354 /* Preview Assets.xcassets */,
			);
			path = "Preview Content";
			sourceTree = "<group>";
		};
		1A63B0852C36F55F005AB354 /* VisionOS2SampleWindowPlacementTests */ = {
			isa = PBXGroup;
			children = (
				1A63B0862C36F55F005AB354 /* VisionOS2SampleWindowPlacementTests.swift */,
			);
			path = VisionOS2SampleWindowPlacementTests;
			sourceTree = "<group>";
		};
/* End PBXGroup section */

/* Begin PBXNativeTarget section */
		1A63B06C2C36F55E005AB354 /* VisionOS2SampleWindowPlacement */ = {
			isa = PBXNativeTarget;
			buildConfigurationList = 1A63B08A2C36F55F005AB354 /* Build configuration list for PBXNativeTarget "VisionOS2SampleWindowPlacement" */;
			buildPhases = (
				1A63B0692C36F55E005AB354 /* Sources */,
				1A63B06A2C36F55E005AB354 /* Frameworks */,
				1A63B06B2C36F55E005AB354 /* Resources */,
			);
			buildRules = (
			);
			dependencies = (
			);
			name = VisionOS2SampleWindowPlacement;
			packageProductDependencies = (
				1A63B0722C36F55E005AB354 /* RealityKitContent */,
			);
			productName = VisionOS2SampleWindowPlacement;
			productReference = 1A63B06D2C36F55E005AB354 /* VisionOS2SampleWindowPlacement.app */;
			productType = "com.apple.product-type.application";
		};
		1A63B0812C36F55F005AB354 /* VisionOS2SampleWindowPlacementTests */ = {
			isa = PBXNativeTarget;
			buildConfigurationList = 1A63B08D2C36F55F005AB354 /* Build configuration list for PBXNativeTarget "VisionOS2SampleWindowPlacementTests" */;
			buildPhases = (
				1A63B07E2C36F55F005AB354 /* Sources */,
				1A63B07F2C36F55F005AB354 /* Frameworks */,
				1A63B0802C36F55F005AB354 /* Resources */,
			);
			buildRules = (
			);
			dependencies = (
				1A63B0842C36F55F005AB354 /* PBXTargetDependency */,
			);
			name = VisionOS2SampleWindowPlacementTests;
			productName = VisionOS2SampleWindowPlacementTests;
			productReference = 1A63B0822C36F55F005AB354 /* VisionOS2SampleWindowPlacementTests.xctest */;
			productType = "com.apple.product-type.bundle.unit-test";
		};
/* End PBXNativeTarget section */

/* Begin PBXProject section */
		1A63B0652C36F55E005AB354 /* Project object */ = {
			isa = PBXProject;
			attributes = {
				BuildIndependentTargetsInParallel = 1;
				LastSwiftUpdateCheck = 1600;
				LastUpgradeCheck = 1600;
				TargetAttributes = {
					1A63B06C2C36F55E005AB354 = {
						CreatedOnToolsVersion = 16.0;
					};
					1A63B0812C36F55F005AB354 = {
						CreatedOnToolsVersion = 16.0;
						TestTargetID = 1A63B06C2C36F55E005AB354;
					};
				};
			};
			buildConfigurationList = 1A63B0682C36F55E005AB354 /* Build configuration list for PBXProject "VisionOS2SampleWindowPlacement" */;
			compatibilityVersion = "Xcode 15.0";
			developmentRegion = en;
			hasScannedForEncodings = 0;
			knownRegions = (
				en,
				Base,
			);
			mainGroup = 1A63B0642C36F55E005AB354;
			productRefGroup = 1A63B06E2C36F55E005AB354 /* Products */;
			projectDirPath = "";
			projectRoot = "";
			targets = (
				1A63B06C2C36F55E005AB354 /* VisionOS2SampleWindowPlacement */,
				1A63B0812C36F55F005AB354 /* VisionOS2SampleWindowPlacementTests */,
			);
		};
/* End PBXProject section */

/* Begin PBXResourcesBuildPhase section */
		1A63B06B2C36F55E005AB354 /* Resources */ = {
			isa = PBXResourcesBuildPhase;
			buildActionMask = 2147483647;
			files = (
				1A63B0912C36F6F8005AB354 /* pancakes.usdz in Resources */,
				1A63B07C2C36F55F005AB354 /* Preview Assets.xcassets in Resources */,
				1A63B0792C36F55F005AB354 /* Assets.xcassets in Resources */,
			);
			runOnlyForDeploymentPostprocessing = 0;
		};
		1A63B0802C36F55F005AB354 /* Resources */ = {
			isa = PBXResourcesBuildPhase;
			buildActionMask = 2147483647;
			files = (
			);
			runOnlyForDeploymentPostprocessing = 0;
		};
/* End PBXResourcesBuildPhase section */

/* Begin PBXSourcesBuildPhase section */
		1A63B0692C36F55E005AB354 /* Sources */ = {
			isa = PBXSourcesBuildPhase;
			buildActionMask = 2147483647;
			files = (
				1A63B0972C36FA11005AB354 /* ControlView.swift in Sources */,
				1A63B0752C36F55E005AB354 /* VisionOS2SampleWindowPlacementApp.swift in Sources */,
				1A63B0952C36F75B005AB354 /* PancakeWindowView.swift in Sources */,
			);
			runOnlyForDeploymentPostprocessing = 0;
		};
		1A63B07E2C36F55F005AB354 /* Sources */ = {
			isa = PBXSourcesBuildPhase;
			buildActionMask = 2147483647;
			files = (
				1A63B0872C36F55F005AB354 /* VisionOS2SampleWindowPlacementTests.swift in Sources */,
			);
			runOnlyForDeploymentPostprocessing = 0;
		};
/* End PBXSourcesBuildPhase section */

/* Begin PBXTargetDependency section */
		1A63B0842C36F55F005AB354 /* PBXTargetDependency */ = {
			isa = PBXTargetDependency;
			target = 1A63B06C2C36F55E005AB354 /* VisionOS2SampleWindowPlacement */;
			targetProxy = 1A63B0832C36F55F005AB354 /* PBXContainerItemProxy */;
		};
/* End PBXTargetDependency section */

/* Begin XCBuildConfiguration section */
		1A63B0882C36F55F005AB354 /* Debug */ = {
			isa = XCBuildConfiguration;
			buildSettings = {
				ALWAYS_SEARCH_USER_PATHS = NO;
				ASSETCATALOG_COMPILER_GENERATE_SWIFT_ASSET_SYMBOL_EXTENSIONS = YES;
				CLANG_ANALYZER_NONNULL = YES;
				CLANG_ANALYZER_NUMBER_OBJECT_CONVERSION = YES_AGGRESSIVE;
				CLANG_CXX_LANGUAGE_STANDARD = "gnu++20";
				CLANG_ENABLE_MODULES = YES;
				CLANG_ENABLE_OBJC_ARC = YES;
				CLANG_ENABLE_OBJC_WEAK = YES;
				CLANG_WARN_BLOCK_CAPTURE_AUTORELEASING = YES;
				CLANG_WARN_BOOL_CONVERSION = YES;
				CLANG_WARN_COMMA = YES;
				CLANG_WARN_CONSTANT_CONVERSION = YES;
				CLANG_WARN_DEPRECATED_OBJC_IMPLEMENTATIONS = YES;
				CLANG_WARN_DIRECT_OBJC_ISA_USAGE = YES_ERROR;
				CLANG_WARN_DOCUMENTATION_COMMENTS = YES;
				CLANG_WARN_EMPTY_BODY = YES;
				CLANG_WARN_ENUM_CONVERSION = YES;
				CLANG_WARN_INFINITE_RECURSION = YES;
				CLANG_WARN_INT_CONVERSION = YES;
				CLANG_WARN_NON_LITERAL_NULL_CONVERSION = YES;
				CLANG_WARN_OBJC_IMPLICIT_RETAIN_SELF = YES;
				CLANG_WARN_OBJC_LITERAL_CONVERSION = YES;
				CLANG_WARN_OBJC_ROOT_CLASS = YES_ERROR;
				CLANG_WARN_QUOTED_INCLUDE_IN_FRAMEWORK_HEADER = YES;
				CLANG_WARN_RANGE_LOOP_ANALYSIS = YES;
				CLANG_WARN_STRICT_PROTOTYPES = YES;
				CLANG_WARN_SUSPICIOUS_MOVE = YES;
				CLANG_WARN_UNGUARDED_AVAILABILITY = YES_AGGRESSIVE;
				CLANG_WARN_UNREACHABLE_CODE = YES;
				CLANG_WARN__DUPLICATE_METHOD_MATCH = YES;
				COPY_PHASE_STRIP = NO;
				DEBUG_INFORMATION_FORMAT = dwarf;
				ENABLE_STRICT_OBJC_MSGSEND = YES;
				ENABLE_TESTABILITY = YES;
				ENABLE_USER_SCRIPT_SANDBOXING = YES;
				GCC_C_LANGUAGE_STANDARD = gnu17;
				GCC_DYNAMIC_NO_PIC = NO;
				GCC_NO_COMMON_BLOCKS = YES;
				GCC_OPTIMIZATION_LEVEL = 0;
				GCC_PREPROCESSOR_DEFINITIONS = (
					"DEBUG=1",
					"$(inherited)",
				);
				GCC_WARN_64_TO_32_BIT_CONVERSION = YES;
				GCC_WARN_ABOUT_RETURN_TYPE = YES_ERROR;
				GCC_WARN_UNDECLARED_SELECTOR = YES;
				GCC_WARN_UNINITIALIZED_AUTOS = YES_AGGRESSIVE;
				GCC_WARN_UNUSED_FUNCTION = YES;
				GCC_WARN_UNUSED_VARIABLE = YES;
				LOCALIZATION_PREFERS_STRING_CATALOGS = YES;
				MTL_ENABLE_DEBUG_INFO = INCLUDE_SOURCE;
				MTL_FAST_MATH = YES;
				ONLY_ACTIVE_ARCH = YES;
				SDKROOT = xros;
				SWIFT_ACTIVE_COMPILATION_CONDITIONS = "DEBUG $(inherited)";
				SWIFT_OPTIMIZATION_LEVEL = "-Onone";
				XROS_DEPLOYMENT_TARGET = 2.0;
			};
			name = Debug;
		};
		1A63B0892C36F55F005AB354 /* Release */ = {
			isa = XCBuildConfiguration;
			buildSettings = {
				ALWAYS_SEARCH_USER_PATHS = NO;
				ASSETCATALOG_COMPILER_GENERATE_SWIFT_ASSET_SYMBOL_EXTENSIONS = YES;
				CLANG_ANALYZER_NONNULL = YES;
				CLANG_ANALYZER_NUMBER_OBJECT_CONVERSION = YES_AGGRESSIVE;
				CLANG_CXX_LANGUAGE_STANDARD = "gnu++20";
				CLANG_ENABLE_MODULES = YES;
				CLANG_ENABLE_OBJC_ARC = YES;
				CLANG_ENABLE_OBJC_WEAK = YES;
				CLANG_WARN_BLOCK_CAPTURE_AUTORELEASING = YES;
				CLANG_WARN_BOOL_CONVERSION = YES;
				CLANG_WARN_COMMA = YES;
				CLANG_WARN_CONSTANT_CONVERSION = YES;
				CLANG_WARN_DEPRECATED_OBJC_IMPLEMENTATIONS = YES;
				CLANG_WARN_DIRECT_OBJC_ISA_USAGE = YES_ERROR;
				CLANG_WARN_DOCUMENTATION_COMMENTS = YES;
				CLANG_WARN_EMPTY_BODY = YES;
				CLANG_WARN_ENUM_CONVERSION = YES;
				CLANG_WARN_INFINITE_RECURSION = YES;
				CLANG_WARN_INT_CONVERSION = YES;
				CLANG_WARN_NON_LITERAL_NULL_CONVERSION = YES;
				CLANG_WARN_OBJC_IMPLICIT_RETAIN_SELF = YES;
				CLANG_WARN_OBJC_LITERAL_CONVERSION = YES;
				CLANG_WARN_OBJC_ROOT_CLASS = YES_ERROR;
				CLANG_WARN_QUOTED_INCLUDE_IN_FRAMEWORK_HEADER = YES;
				CLANG_WARN_RANGE_LOOP_ANALYSIS = YES;
				CLANG_WARN_STRICT_PROTOTYPES = YES;
				CLANG_WARN_SUSPICIOUS_MOVE = YES;
				CLANG_WARN_UNGUARDED_AVAILABILITY = YES_AGGRESSIVE;
				CLANG_WARN_UNREACHABLE_CODE = YES;
				CLANG_WARN__DUPLICATE_METHOD_MATCH = YES;
				COPY_PHASE_STRIP = NO;
				DEBUG_INFORMATION_FORMAT = "dwarf-with-dsym";
				ENABLE_NS_ASSERTIONS = NO;
				ENABLE_STRICT_OBJC_MSGSEND = YES;
				ENABLE_USER_SCRIPT_SANDBOXING = YES;
				GCC_C_LANGUAGE_STANDARD = gnu17;
				GCC_NO_COMMON_BLOCKS = YES;
				GCC_WARN_64_TO_32_BIT_CONVERSION = YES;
				GCC_WARN_ABOUT_RETURN_TYPE = YES_ERROR;
				GCC_WARN_UNDECLARED_SELECTOR = YES;
				GCC_WARN_UNINITIALIZED_AUTOS = YES_AGGRESSIVE;
				GCC_WARN_UNUSED_FUNCTION = YES;
				GCC_WARN_UNUSED_VARIABLE = YES;
				LOCALIZATION_PREFERS_STRING_CATALOGS = YES;
				MTL_ENABLE_DEBUG_INFO = NO;
				MTL_FAST_MATH = YES;
				SDKROOT = xros;
				SWIFT_COMPILATION_MODE = wholemodule;
				VALIDATE_PRODUCT = YES;
				XROS_DEPLOYMENT_TARGET = 2.0;
			};
			name = Release;
		};
		1A63B08B2C36F55F005AB354 /* Debug */ = {
			isa = XCBuildConfiguration;
			buildSettings = {
				ASSETCATALOG_COMPILER_APPICON_NAME = AppIcon;
				ASSETCATALOG_COMPILER_GLOBAL_ACCENT_COLOR_NAME = AccentColor;
				CODE_SIGN_STYLE = Automatic;
				CURRENT_PROJECT_VERSION = 1;
				DEVELOPMENT_ASSET_PATHS = "\"VisionOS2SampleWindowPlacement/Preview Content\"";
				DEVELOPMENT_TEAM = ED5R9E794B;
				ENABLE_PREVIEWS = YES;
				GENERATE_INFOPLIST_FILE = YES;
				INFOPLIST_FILE = "$(TARGET_NAME)/Info.plist";
				LD_RUNPATH_SEARCH_PATHS = (
					"$(inherited)",
					"@executable_path/Frameworks",
				);
				MARKETING_VERSION = 1.0;
				PRODUCT_BUNDLE_IDENTIFIER = jp.co.1planet.visionos.sample.window.placement.VisionOS2SampleWindowPlacement;
				PRODUCT_NAME = "$(TARGET_NAME)";
				SUPPORTED_PLATFORMS = "xros xrsimulator";
				SWIFT_EMIT_LOC_STRINGS = YES;
				SWIFT_VERSION = 5.0;
				TARGETED_DEVICE_FAMILY = 7;
			};
			name = Debug;
		};
		1A63B08C2C36F55F005AB354 /* Release */ = {
			isa = XCBuildConfiguration;
			buildSettings = {
				ASSETCATALOG_COMPILER_APPICON_NAME = AppIcon;
				ASSETCATALOG_COMPILER_GLOBAL_ACCENT_COLOR_NAME = AccentColor;
				CODE_SIGN_STYLE = Automatic;
				CURRENT_PROJECT_VERSION = 1;
				DEVELOPMENT_ASSET_PATHS = "\"VisionOS2SampleWindowPlacement/Preview Content\"";
				DEVELOPMENT_TEAM = ED5R9E794B;
				ENABLE_PREVIEWS = YES;
				GENERATE_INFOPLIST_FILE = YES;
				INFOPLIST_FILE = "$(TARGET_NAME)/Info.plist";
				LD_RUNPATH_SEARCH_PATHS = (
					"$(inherited)",
					"@executable_path/Frameworks",
				);
				MARKETING_VERSION = 1.0;
				PRODUCT_BUNDLE_IDENTIFIER = jp.co.1planet.visionos.sample.window.placement.VisionOS2SampleWindowPlacement;
				PRODUCT_NAME = "$(TARGET_NAME)";
				SUPPORTED_PLATFORMS = "xros xrsimulator";
				SWIFT_EMIT_LOC_STRINGS = YES;
				SWIFT_VERSION = 5.0;
				TARGETED_DEVICE_FAMILY = 7;
			};
			name = Release;
		};
		1A63B08E2C36F55F005AB354 /* Debug */ = {
			isa = XCBuildConfiguration;
			buildSettings = {
				BUNDLE_LOADER = "$(TEST_HOST)";
				CODE_SIGN_STYLE = Automatic;
				CURRENT_PROJECT_VERSION = 1;
				DEVELOPMENT_TEAM = ED5R9E794B;
				GENERATE_INFOPLIST_FILE = YES;
				MARKETING_VERSION = 1.0;
				PRODUCT_BUNDLE_IDENTIFIER = jp.co.1planet.visionos.sample.window.placement.VisionOS2SampleWindowPlacementTests;
				PRODUCT_NAME = "$(TARGET_NAME)";
				SUPPORTED_PLATFORMS = "xros xrsimulator";
				SWIFT_EMIT_LOC_STRINGS = NO;
				SWIFT_VERSION = 5.0;
				TARGETED_DEVICE_FAMILY = 7;
				TEST_HOST = "$(BUILT_PRODUCTS_DIR)/VisionOS2SampleWindowPlacement.app/$(BUNDLE_EXECUTABLE_FOLDER_PATH)/VisionOS2SampleWindowPlacement";
				XROS_DEPLOYMENT_TARGET = 2.0;
			};
			name = Debug;
		};
		1A63B08F2C36F55F005AB354 /* Release */ = {
			isa = XCBuildConfiguration;
			buildSettings = {
				BUNDLE_LOADER = "$(TEST_HOST)";
				CODE_SIGN_STYLE = Automatic;
				CURRENT_PROJECT_VERSION = 1;
				DEVELOPMENT_TEAM = ED5R9E794B;
				GENERATE_INFOPLIST_FILE = YES;
				MARKETING_VERSION = 1.0;
				PRODUCT_BUNDLE_IDENTIFIER = jp.co.1planet.visionos.sample.window.placement.VisionOS2SampleWindowPlacementTests;
				PRODUCT_NAME = "$(TARGET_NAME)";
				SUPPORTED_PLATFORMS = "xros xrsimulator";
				SWIFT_EMIT_LOC_STRINGS = NO;
				SWIFT_VERSION = 5.0;
				TARGETED_DEVICE_FAMILY = 7;
				TEST_HOST = "$(BUILT_PRODUCTS_DIR)/VisionOS2SampleWindowPlacement.app/$(BUNDLE_EXECUTABLE_FOLDER_PATH)/VisionOS2SampleWindowPlacement";
				XROS_DEPLOYMENT_TARGET = 2.0;
			};
			name = Release;
		};
/* End XCBuildConfiguration section */

/* Begin XCConfigurationList section */
		1A63B0682C36F55E005AB354 /* Build configuration list for PBXProject "VisionOS2SampleWindowPlacement" */ = {
			isa = XCConfigurationList;
			buildConfigurations = (
				1A63B0882C36F55F005AB354 /* Debug */,
				1A63B0892C36F55F005AB354 /* Release */,
			);
			defaultConfigurationIsVisible = 0;
			defaultConfigurationName = Release;
		};
		1A63B08A2C36F55F005AB354 /* Build configuration list for PBXNativeTarget "VisionOS2SampleWindowPlacement" */ = {
			isa = XCConfigurationList;
			buildConfigurations = (
				1A63B08B2C36F55F005AB354 /* Debug */,
				1A63B08C2C36F55F005AB354 /* Release */,
			);
			defaultConfigurationIsVisible = 0;
			defaultConfigurationName = Release;
		};
		1A63B08D2C36F55F005AB354 /* Build configuration list for PBXNativeTarget "VisionOS2SampleWindowPlacementTests" */ = {
			isa = XCConfigurationList;
			buildConfigurations = (
				1A63B08E2C36F55F005AB354 /* Debug */,
				1A63B08F2C36F55F005AB354 /* Release */,
			);
			defaultConfigurationIsVisible = 0;
			defaultConfigurationName = Release;
		};
/* End XCConfigurationList section */

/* Begin XCSwiftPackageProductDependency section */
		1A63B0722C36F55E005AB354 /* RealityKitContent */ = {
			isa = XCSwiftPackageProductDependency;
			productName = RealityKitContent;
		};
/* End XCSwiftPackageProductDependency section */
	};
	rootObject = 1A63B0652C36F55E005AB354 /* Project object */;
}
